
Microsoft Visual Studio Solution File, Format Version 12.00
# Visual Studio Version 16
VisualStudioVersion = 16.0.30621.155
MinimumVisualStudioVersion = 10.0.40219.1
Project("{FAE04EC0-301F-11D3-BF4B-00C04F79EFBC}") = "Wesley", "Wesley\Wesley.csproj", "{A7D33ECD-10D9-4853-9A2E-00F013CDB4B1}"
EndProject
Global
	GlobalSection(SolutionConfigurationPlatforms) = preSolution
		Debug|Any CPU = Debug|Any CPU
		Release|Any CPU = Release|Any CPU
	EndGlobalSection
	GlobalSection(ProjectConfigurationPlatforms) = postSolution
		{A7D33ECD-10D9-4853-9A2E-00F013CDB4B1}.Debug|Any CPU.ActiveCfg = Debug|Any CPU
		{A7D33ECD-10D9-4853-9A2E-00F013CDB4B1}.Debug|Any CPU.Build.0 = Debug|Any CPU
		{A7D33ECD-10D9-4853-9A2E-00F013CDB4B1}.Release|Any CPU.ActiveCfg = Release|Any CPU
		{A7D33ECD-10D9-4853-9A2E-00F013CDB4B1}.Release|Any CPU.Build.0 = Release|Any CPU
	EndGlobalSection
	GlobalSection(SolutionProperties) = preSolution
		HideSolutionNode = FALSE
	EndGlobalSection
	GlobalSection(ExtensibilityGlobals) = postSolution
		SolutionGuid = {B905AAA4-DB3D-4818-93B5-896372E17A5B}
	EndGlobalSection
EndGlobal
